{
  "nodes": {
    "gift-wrap": {
      "inputs": {
        "nixpkgs": [
          "nixpkgs"
        ]
      },
      "locked": {
        "lastModified": 1773403464,
        "narHash": "sha256-fckT48WShz/HqRgHgBKbVZCreC+Apfu3UqPZxFuL7Us=",
        "owner": "tgirlcloud",
        "repo": "gift-wrap",
        "rev": "9499bc6e450d9959e2019f7122efd3b9077f333a",
        "type": "github"
      },
      "original": {
        "owner": "tgirlcloud",
        "repo": "gift-wrap",
        "type": "github"
      }
    },
    "nixpkgs": {
      "locked": {
        "lastModified": 1777270315,
        "narHash": "sha256-V6plRCpzkUz2ry6deCNounU4SGCNTsfIfyUKLTreITc=",
        "rev": "6368eda62c9775c38ef7f714b2555a741c20c72d",
        "type": "tarball",
        "url": "https://releases.nixos.org/nixpkgs/nixpkgs-26.05pre987567.6368eda62c97/nixexprs.tar.xz"
      },
      "original": {
        "type": "tarball",
        "url": "https://channels.nixos.org/nixpkgs-unstable/nixexprs.tar.xz"
      }
    },
    "root": {
      "inputs": {
        "gift-wrap": "gift-wrap",
        "nixpkgs": "nixpkgs"
      }
    }
  },
  "root": "root",
  "version": 7
}
